// !$*UTF8*$!
{
	archiveVersion = 1;
	classes = {
	};
	objectVersion = 46;
	objects = {

/* Begin PBXBuildFile section */
		0575D79719BF556C003BA404 /* FIXSpaceImageViewController.m in Sources */ = {isa = PBXBuildFile; fileRef = 0575D79619BF556C003BA404 /* FIXSpaceImageViewController.m */; };
		05C9D6E119BC9E6B007E3685 /* Foundation.framework in Frameworks */ = {isa = PBXBuildFile; fileRef = 05C9D6E019BC9E6B007E3685 /* Foundation.framework */; };
		05C9D6E319BC9E6B007E3685 /* CoreGraphics.framework in Frameworks */ = {isa = PBXBuildFile; fileRef = 05C9D6E219BC9E6B007E3685 /* CoreGraphics.framework */; };
		05C9D6E519BC9E6B007E3685 /* UIKit.framework in Frameworks */ = {isa = PBXBuildFile; fileRef = 05C9D6E419BC9E6B007E3685 /* UIKit.framework */; };
		05C9D6EB19BC9E6B007E3685 /* InfoPlist.strings in Resources */ = {isa = PBXBuildFile; fileRef = 05C9D6E919BC9E6B007E3685 /* InfoPlist.strings */; };
		05C9D6ED19BC9E6B007E3685 /* main.m in Sources */ = {isa = PBXBuildFile; fileRef = 05C9D6EC19BC9E6B007E3685 /* main.m */; };
		05C9D6F119BC9E6B007E3685 /* FIXAppDelegate.m in Sources */ = {isa = PBXBuildFile; fileRef = 05C9D6F019BC9E6B007E3685 /* FIXAppDelegate.m */; };
		05C9D6F419BC9E6B007E3685 /* Main.storyboard in Resources */ = {isa = PBXBuildFile; fileRef = 05C9D6F219BC9E6B007E3685 /* Main.storyboard */; };
		05C9D6F919BC9E6B007E3685 /* Images.xcassets in Resources */ = {isa = PBXBuildFile; fileRef = 05C9D6F819BC9E6B007E3685 /* Images.xcassets */; };
		05C9D70019BC9E6B007E3685 /* XCTest.framework in Frameworks */ = {isa = PBXBuildFile; fileRef = 05C9D6FF19BC9E6B007E3685 /* XCTest.framework */; };
		05C9D70119BC9E6B007E3685 /* Foundation.framework in Frameworks */ = {isa = PBXBuildFile; fileRef = 05C9D6E019BC9E6B007E3685 /* Foundation.framework */; };
		05C9D70219BC9E6B007E3685 /* UIKit.framework in Frameworks */ = {isa = PBXBuildFile; fileRef = 05C9D6E419BC9E6B007E3685 /* UIKit.framework */; };
		05C9D70A19BC9E6B007E3685 /* InfoPlist.strings in Resources */ = {isa = PBXBuildFile; fileRef = 05C9D70819BC9E6B007E3685 /* InfoPlist.strings */; };
		05C9D70C19BC9E6B007E3685 /* Out_of_this_WorldTests.m in Sources */ = {isa = PBXBuildFile; fileRef = 05C9D70B19BC9E6B007E3685 /* Out_of_this_WorldTests.m */; };
		05C9D71719BC9F26007E3685 /* FIXOuterSpaceTableViewController.m in Sources */ = {isa = PBXBuildFile; fileRef = 05C9D71619BC9F26007E3685 /* FIXOuterSpaceTableViewController.m */; };
		05C9D71A19BCD016007E3685 /* AstronomicalData.m in Sources */ = {isa = PBXBuildFile; fileRef = 05C9D71919BCD016007E3685 /* AstronomicalData.m */; };
		05C9D76919BCEE0F007E3685 /* Earth.jpg in Resources */ = {isa = PBXBuildFile; fileRef = 05C9D75F19BCEE0F007E3685 /* Earth.jpg */; };
		05C9D76A19BCEE0F007E3685 /* EinsteinRing.jpg in Resources */ = {isa = PBXBuildFile; fileRef = 05C9D76019BCEE0F007E3685 /* EinsteinRing.jpg */; };
		05C9D76B19BCEE0F007E3685 /* Jupiter.jpg in Resources */ = {isa = PBXBuildFile; fileRef = 05C9D76119BCEE0F007E3685 /* Jupiter.jpg */; };
		05C9D76C19BCEE0F007E3685 /* Mars.jpg in Resources */ = {isa = PBXBuildFile; fileRef = 05C9D76219BCEE0F007E3685 /* Mars.jpg */; };
		05C9D76D19BCEE0F007E3685 /* Mercury.jpg in Resources */ = {isa = PBXBuildFile; fileRef = 05C9D76319BCEE0F007E3685 /* Mercury.jpg */; };
		05C9D76E19BCEE0F007E3685 /* Neptune.jpg in Resources */ = {isa = PBXBuildFile; fileRef = 05C9D76419BCEE0F007E3685 /* Neptune.jpg */; };
		05C9D76F19BCEE0F007E3685 /* Orion.jpg in Resources */ = {isa = PBXBuildFile; fileRef = 05C9D76519BCEE0F007E3685 /* Orion.jpg */; };
		05C9D77019BCEE0F007E3685 /* Saturn.jpg in Resources */ = {isa = PBXBuildFile; fileRef = 05C9D76619BCEE0F007E3685 /* Saturn.jpg */; };
		05C9D77119BCEE0F007E3685 /* Uranus.jpg in Resources */ = {isa = PBXBuildFile; fileRef = 05C9D76719BCEE0F007E3685 /* Uranus.jpg */; };
		05C9D77219BCEE0F007E3685 /* Venus.jpg in Resources */ = {isa = PBXBuildFile; fileRef = 05C9D76819BCEE0F007E3685 /* Venus.jpg */; };
		05C9D77519BCEE3A007E3685 /* FIXSpaceObject.m in Sources */ = {isa = PBXBuildFile; fileRef = 05C9D77419BCEE3A007E3685 /* FIXSpaceObject.m */; };
/* End PBXBuildFile section */

/* Begin PBXContainerItemProxy section */
		05C9D70319BC9E6B007E3685 /* PBXContainerItemProxy */ = {
			isa = PBXContainerItemProxy;
			containerPortal = 05C9D6D519BC9E6B007E3685 /* Project object */;
			proxyType = 1;
			remoteGlobalIDString = 05C9D6DC19BC9E6B007E3685;
			remoteInfo = "Out of this World";
		};
/* End PBXContainerItemProxy section */

/* Begin PBXFileReference section */
		0575D79519BF556C003BA404 /* FIXSpaceImageViewController.h */ = {isa = PBXFileReference; fileEncoding = 4; lastKnownFileType = sourcecode.c.h; path = FIXSpaceImageViewController.h; sourceTree = "<group>"; };
		0575D79619BF556C003BA404 /* FIXSpaceImageViewController.m */ = {isa = PBXFileReference; fileEncoding = 4; lastKnownFileType = sourcecode.c.objc; path = FIXSpaceImageViewController.m; sourceTree = "<group>"; };
		05C9D6DD19BC9E6B007E3685 /* Out of this World.app */ = {isa = PBXFileReference; explicitFileType = wrapper.application; includeInIndex = 0; path = "Out of this World.app"; sourceTree = BUILT_PRODUCTS_DIR; };
		05C9D6E019BC9E6B007E3685 /* Foundation.framework */ = {isa = PBXFileReference; lastKnownFileType = wrapper.framework; name = Foundation.framework; path = System/Library/Frameworks/Foundation.framework; sourceTree = SDKROOT; };
		05C9D6E219BC9E6B007E3685 /* CoreGraphics.framework */ = {isa = PBXFileReference; lastKnownFileType = wrapper.framework; name = CoreGraphics.framework; path = System/Library/Frameworks/CoreGraphics.framework; sourceTree = SDKROOT; };
		05C9D6E419BC9E6B007E3685 /* UIKit.framework */ = {isa = PBXFileReference; lastKnownFileType = wrapper.framework; name = UIKit.framework; path = System/Library/Frameworks/UIKit.framework; sourceTree = SDKROOT; };
		05C9D6E819BC9E6B007E3685 /* Out of this World-Info.plist */ = {isa = PBXFileReference; lastKnownFileType = text.plist.xml; path = "Out of this World-Info.plist"; sourceTree = "<group>"; };
		05C9D6EA19BC9E6B007E3685 /* en */ = {isa = PBXFileReference; lastKnownFileType = text.plist.strings; name = en; path = en.lproj/InfoPlist.strings; sourceTree = "<group>"; };
		05C9D6EC19BC9E6B007E3685 /* main.m */ = {isa = PBXFileReference; lastKnownFileType = sourcecode.c.objc; path = main.m; sourceTree = "<group>"; };
		05C9D6EE19BC9E6B007E3685 /* Out of this World-Prefix.pch */ = {isa = PBXFileReference; lastKnownFileType = sourcecode.c.h; path = "Out of this World-Prefix.pch"; sourceTree = "<group>"; };
		05C9D6EF19BC9E6B007E3685 /* FIXAppDelegate.h */ = {isa = PBXFileReference; lastKnownFileType = sourcecode.c.h; path = FIXAppDelegate.h; sourceTree = "<group>"; };
		05C9D6F019BC9E6B007E3685 /* FIXAppDelegate.m */ = {isa = PBXFileReference; lastKnownFileType = sourcecode.c.objc; path = FIXAppDelegate.m; sourceTree = "<group>"; };
		05C9D6F319BC9E6B007E3685 /* Base */ = {isa = PBXFileReference; lastKnownFileType = file.storyboard; name = Base; path = Base.lproj/Main.storyboard; sourceTree = "<group>"; };
		05C9D6F819BC9E6B007E3685 /* Images.xcassets */ = {isa = PBXFileReference; lastKnownFileType = folder.assetcatalog; path = Images.xcassets; sourceTree = "<group>"; };
		05C9D6FE19BC9E6B007E3685 /* Out of this WorldTests.xctest */ = {isa = PBXFileReference; explicitFileType = wrapper.cfbundle; includeInIndex = 0; path = "Out of this WorldTests.xctest"; sourceTree = BUILT_PRODUCTS_DIR; };
		05C9D6FF19BC9E6B007E3685 /* XCTest.framework */ = {isa = PBXFileReference; lastKnownFileType = wrapper.framework; name = XCTest.framework; path = Library/Frameworks/XCTest.framework; sourceTree = DEVELOPER_DIR; };
		05C9D70719BC9E6B007E3685 /* Out of this WorldTests-Info.plist */ = {isa = PBXFileReference; lastKnownFileType = text.plist.xml; path = "Out of this WorldTests-Info.plist"; sourceTree = "<group>"; };
		05C9D70919BC9E6B007E3685 /* en */ = {isa = PBXFileReference; lastKnownFileType = text.plist.strings; name = en; path = en.lproj/InfoPlist.strings; sourceTree = "<group>"; };
		05C9D70B19BC9E6B007E3685 /* Out_of_this_WorldTests.m */ = {isa = PBXFileReference; lastKnownFileType = sourcecode.c.objc; path = Out_of_this_WorldTests.m; sourceTree = "<group>"; };
		05C9D71519BC9F26007E3685 /* FIXOuterSpaceTableViewController.h */ = {isa = PBXFileReference; fileEncoding = 4; lastKnownFileType = sourcecode.c.h; name = FIXOuterSpaceTableViewController.h; path = ../FIXOuterSpaceTableViewController.h; sourceTree = "<group>"; };
		05C9D71619BC9F26007E3685 /* FIXOuterSpaceTableViewController.m */ = {isa = PBXFileReference; fileEncoding = 4; lastKnownFileType = sourcecode.c.objc; name = FIXOuterSpaceTableViewController.m; path = ../FIXOuterSpaceTableViewController.m; sourceTree = "<group>"; };
		05C9D71819BCD016007E3685 /* AstronomicalData.h */ = {isa = PBXFileReference; fileEncoding = 4; lastKnownFileType = sourcecode.c.h; path = AstronomicalData.h; sourceTree = "<group>"; };
		05C9D71919BCD016007E3685 /* AstronomicalData.m */ = {isa = PBXFileReference; fileEncoding = 4; lastKnownFileType = sourcecode.c.objc; path = AstronomicalData.m; sourceTree = "<group>"; };
		05C9D75F19BCEE0F007E3685 /* Earth.jpg */ = {isa = PBXFileReference; lastKnownFileType = image.jpeg; path = Earth.jpg; sourceTree = "<group>"; };
		05C9D76019BCEE0F007E3685 /* EinsteinRing.jpg */ = {isa = PBXFileReference; lastKnownFileType = image.jpeg; path = EinsteinRing.jpg; sourceTree = "<group>"; };
		05C9D76119BCEE0F007E3685 /* Jupiter.jpg */ = {isa = PBXFileReference; lastKnownFileType = image.jpeg; path = Jupiter.jpg; sourceTree = "<group>"; };
		05C9D76219BCEE0F007E3685 /* Mars.jpg */ = {isa = PBXFileReference; lastKnownFileType = image.jpeg; path = Mars.jpg; sourceTree = "<group>"; };
		05C9D76319BCEE0F007E3685 /* Mercury.jpg */ = {isa = PBXFileReference; lastKnownFileType = image.jpeg; path = Mercury.jpg; sourceTree = "<group>"; };
		05C9D76419BCEE0F007E3685 /* Neptune.jpg */ = {isa = PBXFileReference; lastKnownFileType = image.jpeg; path = Neptune.jpg; sourceTree = "<group>"; };
		05C9D76519BCEE0F007E3685 /* Orion.jpg */ = {isa = PBXFileReference; lastKnownFileType = image.jpeg; path = Orion.jpg; sourceTree = "<group>"; };
		05C9D76619BCEE0F007E3685 /* Saturn.jpg */ = {isa = PBXFileReference; lastKnownFileType = image.jpeg; path = Saturn.jpg; sourceTree = "<group>"; };
		05C9D76719BCEE0F007E3685 /* Uranus.jpg */ = {isa = PBXFileReference; lastKnownFileType = image.jpeg; path = Uranus.jpg; sourceTree = "<group>"; };
		05C9D76819BCEE0F007E3685 /* Venus.jpg */ = {isa = PBXFileReference; lastKnownFileType = image.jpeg; path = Venus.jpg; sourceTree = "<group>"; };
		05C9D77319BCEE3A007E3685 /* FIXSpaceObject.h */ = {isa = PBXFileReference; fileEncoding = 4; lastKnownFileType = sourcecode.c.h; path = FIXSpaceObject.h; sourceTree = "<group>"; };
		05C9D77419BCEE3A007E3685 /* FIXSpaceObject.m */ = {isa = PBXFileReference; fileEncoding = 4; lastKnownFileType = sourcecode.c.objc; path = FIXSpaceObject.m; sourceTree = "<group>"; };
/* End PBXFileReference section */

/* Begin PBXFrameworksBuildPhase section */
		05C9D6DA19BC9E6B007E3685 /* Frameworks */ = {
			isa = PBXFrameworksBuildPhase;
			buildActionMask = 2147483647;
			files = (
				05C9D6E319BC9E6B007E3685 /* CoreGraphics.framework in Frameworks */,
				05C9D6E519BC9E6B007E3685 /* UIKit.framework in Frameworks */,
				05C9D6E119BC9E6B007E3685 /* Foundation.framework in Frameworks */,
			);
			runOnlyForDeploymentPostprocessing = 0;
		};
		05C9D6FB19BC9E6B007E3685 /* Frameworks */ = {
			isa = PBXFrameworksBuildPhase;
			buildActionMask = 2147483647;
			files = (
				05C9D70019BC9E6B007E3685 /* XCTest.framework in Frameworks */,
				05C9D70219BC9E6B007E3685 /* UIKit.framework in Frameworks */,
				05C9D70119BC9E6B007E3685 /* Foundation.framework in Frameworks */,
			);
			runOnlyForDeploymentPostprocessing = 0;
		};
/* End PBXFrameworksBuildPhase section */

/* Begin PBXGroup section */
		05C9D6D419BC9E6B007E3685 = {
			isa = PBXGroup;
			children = (
				05C9D6E619BC9E6B007E3685 /* Out of this World */,
				05C9D70519BC9E6B007E3685 /* Out of this WorldTests */,
				05C9D6DF19BC9E6B007E3685 /* Frameworks */,
				05C9D6DE19BC9E6B007E3685 /* Products */,
			);
			sourceTree = "<group>";
		};
		05C9D6DE19BC9E6B007E3685 /* Products */ = {
			isa = PBXGroup;
			children = (
				05C9D6DD19BC9E6B007E3685 /* Out of this World.app */,
				05C9D6FE19BC9E6B007E3685 /* Out of this WorldTests.xctest */,
			);
			name = Products;
			sourceTree = "<group>";
		};
		05C9D6DF19BC9E6B007E3685 /* Frameworks */ = {
			isa = PBXGroup;
			children = (
				05C9D6E019BC9E6B007E3685 /* Foundation.framework */,
				05C9D6E219BC9E6B007E3685 /* CoreGraphics.framework */,
				05C9D6E419BC9E6B007E3685 /* UIKit.framework */,
				05C9D6FF19BC9E6B007E3685 /* XCTest.framework */,
			);
			name = Frameworks;
			sourceTree = "<group>";
		};
		05C9D6E619BC9E6B007E3685 /* Out of this World */ = {
			isa = PBXGroup;
			children = (
				05C9D6EF19BC9E6B007E3685 /* FIXAppDelegate.h */,
				05C9D6F019BC9E6B007E3685 /* FIXAppDelegate.m */,
				05C9D6F219BC9E6B007E3685 /* Main.storyboard */,
				05C9D71519BC9F26007E3685 /* FIXOuterSpaceTableViewController.h */,
				05C9D71619BC9F26007E3685 /* FIXOuterSpaceTableViewController.m */,
				0575D79519BF556C003BA404 /* FIXSpaceImageViewController.h */,
				0575D79619BF556C003BA404 /* FIXSpaceImageViewController.m */,
				05C9D6F819BC9E6B007E3685 /* Images.xcassets */,
				05C9D6E719BC9E6B007E3685 /* Supporting Files */,
			);
			path = "Out of this World";
			sourceTree = "<group>";
		};
		05C9D6E719BC9E6B007E3685 /* Supporting Files */ = {
			isa = PBXGroup;
			children = (
				05C9D71819BCD016007E3685 /* AstronomicalData.h */,
				05C9D71919BCD016007E3685 /* AstronomicalData.m */,
				05C9D77319BCEE3A007E3685 /* FIXSpaceObject.h */,
				05C9D77419BCEE3A007E3685 /* FIXSpaceObject.m */,
				05C9D75F19BCEE0F007E3685 /* Earth.jpg */,
				05C9D76019BCEE0F007E3685 /* EinsteinRing.jpg */,
				05C9D76119BCEE0F007E3685 /* Jupiter.jpg */,
				05C9D76219BCEE0F007E3685 /* Mars.jpg */,
				05C9D76319BCEE0F007E3685 /* Mercury.jpg */,
				05C9D76419BCEE0F007E3685 /* Neptune.jpg */,
				05C9D76519BCEE0F007E3685 /* Orion.jpg */,
				05C9D76619BCEE0F007E3685 /* Saturn.jpg */,
				05C9D76719BCEE0F007E3685 /* Uranus.jpg */,
				05C9D76819BCEE0F007E3685 /* Venus.jpg */,
				05C9D6E819BC9E6B007E3685 /* Out of this World-Info.plist */,
				05C9D6E919BC9E6B007E3685 /* InfoPlist.strings */,
				05C9D6EC19BC9E6B007E3685 /* main.m */,
				05C9D6EE19BC9E6B007E3685 /* Out of this World-Prefix.pch */,
			);
			name = "Supporting Files";
			sourceTree = "<group>";
		};
		05C9D70519BC9E6B007E3685 /* Out of this WorldTests */ = {
			isa = PBXGroup;
			children = (
				05C9D70B19BC9E6B007E3685 /* Out_of_this_WorldTests.m */,
				05C9D70619BC9E6B007E3685 /* Supporting Files */,
			);
			path = "Out of this WorldTests";
			sourceTree = "<group>";
		};
		05C9D70619BC9E6B007E3685 /* Supporting Files */ = {
			isa = PBXGroup;
			children = (
				05C9D70719BC9E6B007E3685 /* Out of this WorldTests-Info.plist */,
				05C9D70819BC9E6B007E3685 /* InfoPlist.strings */,
			);
			name = "Supporting Files";
			sourceTree = "<group>";
		};
/* End PBXGroup section */

/* Begin PBXNativeTarget section */
		05C9D6DC19BC9E6B007E3685 /* Out of this World */ = {
			isa = PBXNativeTarget;
			buildConfigurationList = 05C9D70F19BC9E6B007E3685 /* Build configuration list for PBXNativeTarget "Out of this World" */;
			buildPhases = (
				05C9D6D919BC9E6B007E3685 /* Sources */,
				05C9D6DA19BC9E6B007E3685 /* Frameworks */,
				05C9D6DB19BC9E6B007E3685 /* Resources */,
			);
			buildRules = (
			);
			dependencies = (
			);
			name = "Out of this World";
			productName = "Out of this World";
			productReference = 05C9D6DD19BC9E6B007E3685 /* Out of this World.app */;
			productType = "com.apple.product-type.application";
		};
		05C9D6FD19BC9E6B007E3685 /* Out of this WorldTests */ = {
			isa = PBXNativeTarget;
			buildConfigurationList = 05C9D71219BC9E6B007E3685 /* Build configuration list for PBXNativeTarget "Out of this WorldTests" */;
			buildPhases = (
				05C9D6FA19BC9E6B007E3685 /* Sources */,
				05C9D6FB19BC9E6B007E3685 /* Frameworks */,
				05C9D6FC19BC9E6B007E3685 /* Resources */,
			);
			buildRules = (
			);
			dependencies = (
				05C9D70419BC9E6B007E3685 /* PBXTargetDependency */,
			);
			name = "Out of this WorldTests";
			productName = "Out of this WorldTests";
			productReference = 05C9D6FE19BC9E6B007E3685 /* Out of this WorldTests.xctest */;
			productType = "com.apple.product-type.bundle.unit-test";
		};
/* End PBXNativeTarget section */

/* Begin PBXProject section */
		05C9D6D519BC9E6B007E3685 /* Project object */ = {
			isa = PBXProject;
			attributes = {
				CLASSPREFIX = FIX;
				LastUpgradeCheck = 0510;
				ORGANIZATIONNAME = "Andrew Bell";
				TargetAttributes = {
					05C9D6FD19BC9E6B007E3685 = {
						TestTargetID = 05C9D6DC19BC9E6B007E3685;
					};
				};
			};
			buildConfigurationList = 05C9D6D819BC9E6B007E3685 /* Build configuration list for PBXProject "Out of this World" */;
			compatibilityVersion = "Xcode 3.2";
			developmentRegion = English;
			hasScannedForEncodings = 0;
			knownRegions = (
				en,
				Base,
			);
			mainGroup = 05C9D6D419BC9E6B007E3685;
			productRefGroup = 05C9D6DE19BC9E6B007E3685 /* Products */;
			projectDirPath = "";
			projectRoot = "";
			targets = (
				05C9D6DC19BC9E6B007E3685 /* Out of this World */,
				05C9D6FD19BC9E6B007E3685 /* Out of this WorldTests */,
			);
		};
/* End PBXProject section */

/* Begin PBXResourcesBuildPhase section */
		05C9D6DB19BC9E6B007E3685 /* Resources */ = {
			isa = PBXResourcesBuildPhase;
			buildActionMask = 2147483647;
			files = (
				05C9D76919BCEE0F007E3685 /* Earth.jpg in Resources */,
				05C9D77219BCEE0F007E3685 /* Venus.jpg in Resources */,
				05C9D76D19BCEE0F007E3685 /* Mercury.jpg in Resources */,
				05C9D77019BCEE0F007E3685 /* Saturn.jpg in Resources */,
				05C9D77119BCEE0F007E3685 /* Uranus.jpg in Resources */,
				05C9D6F919BC9E6B007E3685 /* Images.xcassets in Resources */,
				05C9D76E19BCEE0F007E3685 /* Neptune.jpg in Resources */,
				05C9D76C19BCEE0F007E3685 /* Mars.jpg in Resources */,
				05C9D6EB19BC9E6B007E3685 /* InfoPlist.strings in Resources */,
				05C9D6F419BC9E6B007E3685 /* Main.storyboard in Resources */,
				05C9D76A19BCEE0F007E3685 /* EinsteinRing.jpg in Resources */,
				05C9D76B19BCEE0F007E3685 /* Jupiter.jpg in Resources */,
				05C9D76F19BCEE0F007E3685 /* Orion.jpg in Resources */,
			);
			runOnlyForDeploymentPostprocessing = 0;
		};
		05C9D6FC19BC9E6B007E3685 /* Resources */ = {
			isa = PBXResourcesBuildPhase;
			buildActionMask = 2147483647;
			files = (
				05C9D70A19BC9E6B007E3685 /* InfoPlist.strings in Resources */,
			);
			runOnlyForDeploymentPostprocessing = 0;
		};
/* End PBXResourcesBuildPhase section */

/* Begin PBXSourcesBuildPhase section */
		05C9D6D919BC9E6B007E3685 /* Sources */ = {
			isa = PBXSourcesBuildPhase;
			buildActionMask = 2147483647;
			files = (
				05C9D71719BC9F26007E3685 /* FIXOuterSpaceTableViewController.m in Sources */,
				0575D79719BF556C003BA404 /* FIXSpaceImageViewController.m in Sources */,
				05C9D6F119BC9E6B007E3685 /* FIXAppDelegate.m in Sources */,
				05C9D77519BCEE3A007E3685 /* FIXSpaceObject.m in Sources */,
				05C9D6ED19BC9E6B007E3685 /* main.m in Sources */,
				05C9D71A19BCD016007E3685 /* AstronomicalData.m in Sources */,
			);
			runOnlyForDeploymentPostprocessing = 0;
		};
		05C9D6FA19BC9E6B007E3685 /* Sources */ = {
			isa = PBXSourcesBuildPhase;
			buildActionMask = 2147483647;
			files = (
				05C9D70C19BC9E6B007E3685 /* Out_of_this_WorldTests.m in Sources */,
			);
			runOnlyForDeploymentPostprocessing = 0;
		};
/* End PBXSourcesBuildPhase section */

/* Begin PBXTargetDependency section */
		05C9D70419BC9E6B007E3685 /* PBXTargetDependency */ = {
			isa = PBXTargetDependency;
			target = 05C9D6DC19BC9E6B007E3685 /* Out of this World */;
			targetProxy = 05C9D70319BC9E6B007E3685 /* PBXContainerItemProxy */;
		};
/* End PBXTargetDependency section */

/* Begin PBXVariantGroup section */
		05C9D6E919BC9E6B007E3685 /* InfoPlist.strings */ = {
			isa = PBXVariantGroup;
			children = (
				05C9D6EA19BC9E6B007E3685 /* en */,
			);
			name = InfoPlist.strings;
			sourceTree = "<group>";
		};
		05C9D6F219BC9E6B007E3685 /* Main.storyboard */ = {
			isa = PBXVariantGroup;
			children = (
				05C9D6F319BC9E6B007E3685 /* Base */,
			);
			name = Main.storyboard;
			sourceTree = "<group>";
		};
		05C9D70819BC9E6B007E3685 /* InfoPlist.strings */ = {
			isa = PBXVariantGroup;
			children = (
				05C9D70919BC9E6B007E3685 /* en */,
			);
			name = InfoPlist.strings;
			sourceTree = "<group>";
		};
/* End PBXVariantGroup section */

/* Begin XCBuildConfiguration section */
		05C9D70D19BC9E6B007E3685 /* Debug */ = {
			isa = XCBuildConfiguration;
			buildSettings = {
				ALWAYS_SEARCH_USER_PATHS = NO;
				CLANG_CXX_LANGUAGE_STANDARD = "gnu++0x";
				CLANG_CXX_LIBRARY = "libc++";
				CLANG_ENABLE_MODULES = YES;
				CLANG_ENABLE_OBJC_ARC = YES;
				CLANG_WARN_BOOL_CONVERSION = YES;
				CLANG_WARN_CONSTANT_CONVERSION = YES;
				CLANG_WARN_DIRECT_OBJC_ISA_USAGE = YES_ERROR;
				CLANG_WARN_EMPTY_BODY = YES;
				CLANG_WARN_ENUM_CONVERSION = YES;
				CLANG_WARN_INT_CONVERSION = YES;
				CLANG_WARN_OBJC_ROOT_CLASS = YES_ERROR;
				CLANG_WARN__DUPLICATE_METHOD_MATCH = YES;
				"CODE_SIGN_IDENTITY[sdk=iphoneos*]" = "iPhone Developer";
				COPY_PHASE_STRIP = NO;
				GCC_C_LANGUAGE_STANDARD = gnu99;
				GCC_DYNAMIC_NO_PIC = NO;
				GCC_OPTIMIZATION_LEVEL = 0;
				GCC_PREPROCESSOR_DEFINITIONS = (
					"DEBUG=1",
					"$(inherited)",
				);
				GCC_SYMBOLS_PRIVATE_EXTERN = NO;
				GCC_WARN_64_TO_32_BIT_CONVERSION = YES;
				GCC_WARN_ABOUT_RETURN_TYPE = YES_ERROR;
				GCC_WARN_UNDECLARED_SELECTOR = YES;
				GCC_WARN_UNINITIALIZED_AUTOS = YES_AGGRESSIVE;
				GCC_WARN_UNUSED_FUNCTION = YES;
				GCC_WARN_UNUSED_VARIABLE = YES;
				IPHONEOS_DEPLOYMENT_TARGET = 7.1;
				ONLY_ACTIVE_ARCH = YES;
				SDKROOT = iphoneos;
			};
			name = Debug;
		};
		05C9D70E19BC9E6B007E3685 /* Release */ = {
			isa = XCBuildConfiguration;
			buildSettings = {
				ALWAYS_SEARCH_USER_PATHS = NO;
				CLANG_CXX_LANGUAGE_STANDARD = "gnu++0x";
				CLANG_CXX_LIBRARY = "libc++";
				CLANG_ENABLE_MODULES = YES;
				CLANG_ENABLE_OBJC_ARC = YES;
				CLANG_WARN_BOOL_CONVERSION = YES;
				CLANG_WARN_CONSTANT_CONVERSION = YES;
				CLANG_WARN_DIRECT_OBJC_ISA_USAGE = YES_ERROR;
				CLANG_WARN_EMPTY_BODY = YES;
				CLANG_WARN_ENUM_CONVERSION = YES;
				CLANG_WARN_INT_CONVERSION = YES;
				CLANG_WARN_OBJC_ROOT_CLASS = YES_ERROR;
				CLANG_WARN__DUPLICATE_METHOD_MATCH = YES;
				"CODE_SIGN_IDENTITY[sdk=iphoneos*]" = "iPhone Developer";
				COPY_PHASE_STRIP = YES;
				ENABLE_NS_ASSERTIONS = NO;
				GCC_C_LANGUAGE_STANDARD = gnu99;
				GCC_WARN_64_TO_32_BIT_CONVERSION = YES;
				GCC_WARN_ABOUT_RETURN_TYPE = YES_ERROR;
				GCC_WARN_UNDECLARED_SELECTOR = YES;
				GCC_WARN_UNINITIALIZED_AUTOS = YES_AGGRESSIVE;
				GCC_WARN_UNUSED_FUNCTION = YES;
				GCC_WARN_UNUSED_VARIABLE = YES;
				IPHONEOS_DEPLOYMENT_TARGET = 7.1;
				SDKROOT = iphoneos;
				VALIDATE_PRODUCT = YES;
			};
			name = Release;
		};
		05C9D71019BC9E6B007E3685 /* Debug */ = {
			isa = XCBuildConfiguration;
			buildSettings = {
				ASSETCATALOG_COMPILER_APPICON_NAME = AppIcon;
				ASSETCATALOG_COMPILER_LAUNCHIMAGE_NAME = LaunchImage;
				GCC_PRECOMPILE_PREFIX_HEADER = YES;
				GCC_PREFIX_HEADER = "Out of this World/Out of this World-Prefix.pch";
				INFOPLIST_FILE = "Out of this World/Out of this World-Info.plist";
				PRODUCT_NAME = "$(TARGET_NAME)";
				WRAPPER_EXTENSION = app;
			};
			name = Debug;
		};
		05C9D71119BC9E6B007E3685 /* Release */ = {
			isa = XCBuildConfiguration;
			buildSettings = {
				ASSETCATALOG_COMPILER_APPICON_NAME = AppIcon;
				ASSETCATALOG_COMPILER_LAUNCHIMAGE_NAME = LaunchImage;
				GCC_PRECOMPILE_PREFIX_HEADER = YES;
				GCC_PREFIX_HEADER = "Out of this World/Out of this World-Prefix.pch";
				INFOPLIST_FILE = "Out of this World/Out of this World-Info.plist";
				PRODUCT_NAME = "$(TARGET_NAME)";
				WRAPPER_EXTENSION = app;
			};
			name = Release;
		};
		05C9D71319BC9E6B007E3685 /* Debug */ = {
			isa = XCBuildConfiguration;
			buildSettings = {
				BUNDLE_LOADER = "$(BUILT_PRODUCTS_DIR)/Out of this World.app/Out of this World";
				FRAMEWORK_SEARCH_PATHS = (
					"$(SDKROOT)/Developer/Library/Frameworks",
					"$(inherited)",
					"$(DEVELOPER_FRAMEWORKS_DIR)",
				);
				GCC_PRECOMPILE_PREFIX_HEADER = YES;
				GCC_PREFIX_HEADER = "Out of this World/Out of this World-Prefix.pch";
				GCC_PREPROCESSOR_DEFINITIONS = (
					"DEBUG=1",
					"$(inherited)",
				);
				INFOPLIST_FILE = "Out of this WorldTests/Out of this WorldTests-Info.plist";
				PRODUCT_NAME = "$(TARGET_NAME)";
				TEST_HOST = "$(BUNDLE_LOADER)";
				WRAPPER_EXTENSION = xctest;
			};
			name = Debug;
		};
		05C9D71419BC9E6B007E3685 /* Release */ = {
			isa = XCBuildConfiguration;
			buildSettings = {
				BUNDLE_LOADER = "$(BUILT_PRODUCTS_DIR)/Out of this World.app/Out of this World";
				FRAMEWORK_SEARCH_PATHS = (
					"$(SDKROOT)/Developer/Library/Frameworks",
					"$(inherited)",
					"$(DEVELOPER_FRAMEWORKS_DIR)",
				);
				GCC_PRECOMPILE_PREFIX_HEADER = YES;
				GCC_PREFIX_HEADER = "Out of this World/Out of this World-Prefix.pch";
				INFOPLIST_FILE = "Out of this WorldTests/Out of this WorldTests-Info.plist";
				PRODUCT_NAME = "$(TARGET_NAME)";
				TEST_HOST = "$(BUNDLE_LOADER)";
				WRAPPER_EXTENSION = xctest;
			};
			name = Release;
		};
/* End XCBuildConfiguration section */

/* Begin XCConfigurationList section */
		05C9D6D819BC9E6B007E3685 /* Build configuration list for PBXProject "Out of this World" */ = {
			isa = XCConfigurationList;
			buildConfigurations = (
				05C9D70D19BC9E6B007E3685 /* Debug */,
				05C9D70E19BC9E6B007E3685 /* Release */,
			);
			defaultConfigurationIsVisible = 0;
			defaultConfigurationName = Release;
		};
		05C9D70F19BC9E6B007E3685 /* Build configuration list for PBXNativeTarget "Out of this World" */ = {
			isa = XCConfigurationList;
			buildConfigurations = (
				05C9D71019BC9E6B007E3685 /* Debug */,
				05C9D71119BC9E6B007E3685 /* Release */,
			);
			defaultConfigurationIsVisible = 0;
			defaultConfigurationName = Release;
		};
		05C9D71219BC9E6B007E3685 /* Build configuration list for PBXNativeTarget "Out of this WorldTests" */ = {
			isa = XCConfigurationList;
			buildConfigurations = (
				05C9D71319BC9E6B007E3685 /* Debug */,
				05C9D71419BC9E6B007E3685 /* Release */,
			);
			defaultConfigurationIsVisible = 0;
			defaultConfigurationName = Release;
		};
/* End XCConfigurationList section */
	};
	rootObject = 05C9D6D519BC9E6B007E3685 /* Project object */;
}
